
Microsoft Visual Studio Solution File, Format Version 12.00
# Visual Studio Version 17
VisualStudioVersion = 17.9.34622.214
MinimumVisualStudioVersion = 10.0.40219.1
Project("{FAE04EC0-301F-11D3-BF4B-00C04F79EFBC}") = "опд1", "опд1.csproj", "{09B4F59D-487E-400A-BB66-A19B913674DA}"
EndProject
Global
	GlobalSection(SolutionConfigurationPlatforms) = preSolution
		Debug|Any CPU = Debug|Any CPU
		Release|Any CPU = Release|Any CPU
	EndGlobalSection
	GlobalSection(ProjectConfigurationPlatforms) = postSolution
		{09B4F59D-487E-400A-BB66-A19B913674DA}.Debug|Any CPU.ActiveCfg = Debug|Any CPU
		{09B4F59D-487E-400A-BB66-A19B913674DA}.Debug|Any CPU.Build.0 = Debug|Any CPU
		{09B4F59D-487E-400A-BB66-A19B913674DA}.Release|Any CPU.ActiveCfg = Release|Any CPU
		{09B4F59D-487E-400A-BB66-A19B913674DA}.Release|Any CPU.Build.0 = Release|Any CPU
	EndGlobalSection
	GlobalSection(SolutionProperties) = preSolution
		HideSolutionNode = FALSE
	EndGlobalSection
	GlobalSection(ExtensibilityGlobals) = postSolution
		SolutionGuid = {39A39601-0985-489C-BAB6-F1E4591F7D8F}
	EndGlobalSection
EndGlobal
